
Microsoft Visual Studio Solution File, Format Version 12.00
# Visual Studio Version 16
VisualStudioVersion = 16.0.29613.14
MinimumVisualStudioVersion = 10.0.40219.1
Project("{FAE04EC0-301F-11D3-BF4B-00C04F79EFBC}") = "WebApi", "WebApi\WebApi.csproj", "{0A166FBE-F0A3-4833-A1BB-9F9EFFCD3896}"
EndProject
Global
	GlobalSection(SolutionConfigurationPlatforms) = preSolution
		Debug|Any CPU = Debug|Any CPU
		Release|Any CPU = Release|Any CPU
	EndGlobalSection
	GlobalSection(ProjectConfigurationPlatforms) = postSolution
		{0A166FBE-F0A3-4833-A1BB-9F9EFFCD3896}.Debug|Any CPU.ActiveCfg = Debug|Any CPU
		{0A166FBE-F0A3-4833-A1BB-9F9EFFCD3896}.Debug|Any CPU.Build.0 = Debug|Any CPU
		{0A166FBE-F0A3-4833-A1BB-9F9EFFCD3896}.Release|Any CPU.ActiveCfg = Release|Any CPU
		{0A166FBE-F0A3-4833-A1BB-9F9EFFCD3896}.Release|Any CPU.Build.0 = Release|Any CPU
	EndGlobalSection
	GlobalSection(SolutionProperties) = preSolution
		HideSolutionNode = FALSE
	EndGlobalSection
	GlobalSection(ExtensibilityGlobals) = postSolution
		SolutionGuid = {33908795-3AA5-4B7E-BACB-5E15953FCD89}
	EndGlobalSection
EndGlobal
